// !$*UTF8*$!
{
	archiveVersion = 1;
	classes = {
	};
	objectVersion = 55;
	objects = {

/* Begin PBXBuildFile section */
		710C89862768784D004FADCD /* Main.xcdatamodeld in Sources */ = {isa = PBXBuildFile; fileRef = 710C89842768784D004FADCD /* Main.xcdatamodeld */; };
		710C898827687AC3004FADCD /* DataController.swift in Sources */ = {isa = PBXBuildFile; fileRef = 710C898727687AC3004FADCD /* DataController.swift */; };
		710C898D27687E84004FADCD /* CloudKit.framework in Frameworks */ = {isa = PBXBuildFile; fileRef = 710C898C27687E84004FADCD /* CloudKit.framework */; };
		715AEFDE27688821009C63DB /* ProjectView.swift in Sources */ = {isa = PBXBuildFile; fileRef = 715AEFDD27688821009C63DB /* ProjectView.swift */; };
		715AEFE027688CE1009C63DB /* CoreDataHelper.swift in Sources */ = {isa = PBXBuildFile; fileRef = 715AEFDF27688CE1009C63DB /* CoreDataHelper.swift */; };
		7170D0FE2779B22A00BA0D62 /* DueDateView.swift in Sources */ = {isa = PBXBuildFile; fileRef = 7170D0FD2779B22A00BA0D62 /* DueDateView.swift */; };
		71721FEC277886570050F0B2 /* HomeViewModel.swift in Sources */ = {isa = PBXBuildFile; fileRef = 71721FEB277886570050F0B2 /* HomeViewModel.swift */; };
		7172E47D277A1FC9001FD7EC /* SettingsView.swift in Sources */ = {isa = PBXBuildFile; fileRef = 7172E47C277A1FC9001FD7EC /* SettingsView.swift */; };
		718952E1276F0CAB00EA32DE /* Bundle-Decodable.swift in Sources */ = {isa = PBXBuildFile; fileRef = 718952E0276F0CAB00EA32DE /* Bundle-Decodable.swift */; };
		718952E7276F0D6000EA32DE /* Award.swift in Sources */ = {isa = PBXBuildFile; fileRef = 718952E6276F0D6000EA32DE /* Award.swift */; };
		718952E9276F0FA700EA32DE /* AwardsView.swift in Sources */ = {isa = PBXBuildFile; fileRef = 718952E8276F0FA700EA32DE /* AwardsView.swift */; };
		718B0CB4276A1038005D496C /* ItemRowListView.swift in Sources */ = {isa = PBXBuildFile; fileRef = 718B0CB3276A1038005D496C /* ItemRowListView.swift */; };
		718B0CB6276A117D005D496C /* BindingOnChange.swift in Sources */ = {isa = PBXBuildFile; fileRef = 718B0CB5276A117D005D496C /* BindingOnChange.swift */; };
		718B0CBC276A21A8005D496C /* ProjectHeaderView.swift in Sources */ = {isa = PBXBuildFile; fileRef = 718B0CBB276A21A8005D496C /* ProjectHeaderView.swift */; };
		718B0CBE276A258C005D496C /* Colors.xcassets in Resources */ = {isa = PBXBuildFile; fileRef = 718B0CBD276A258C005D496C /* Colors.xcassets */; };
		718B0CC0276A274B005D496C /* EditProjectView.swift in Sources */ = {isa = PBXBuildFile; fileRef = 718B0CBF276A274B005D496C /* EditProjectView.swift */; };
		718B0CC2276C7E05005D496C /* AddProjectView.swift in Sources */ = {isa = PBXBuildFile; fileRef = 718B0CC1276C7E05005D496C /* AddProjectView.swift */; };
		719EA648277B005100F17102 /* AppDelegate.swift in Sources */ = {isa = PBXBuildFile; fileRef = 719EA647277B005100F17102 /* AppDelegate.swift */; };
		719EA64A277B006700F17102 /* SceneDelegate.swift in Sources */ = {isa = PBXBuildFile; fileRef = 719EA649277B006700F17102 /* SceneDelegate.swift */; };
		719EA651277B6F4200F17102 /* WidgetKit.framework in Frameworks */ = {isa = PBXBuildFile; fileRef = 719EA650277B6F4200F17102 /* WidgetKit.framework */; };
		719EA653277B6F4200F17102 /* SwiftUI.framework in Frameworks */ = {isa = PBXBuildFile; fileRef = 719EA652277B6F4200F17102 /* SwiftUI.framework */; };
		719EA656277B6F4200F17102 /* TodoWidget.swift in Sources */ = {isa = PBXBuildFile; fileRef = 719EA655277B6F4200F17102 /* TodoWidget.swift */; };
		719EA658277B6F4300F17102 /* Assets.xcassets in Resources */ = {isa = PBXBuildFile; fileRef = 719EA657277B6F4300F17102 /* Assets.xcassets */; };
		719EA65C277B6F4300F17102 /* TodoWidgetExtension.appex in Embed App Extensions */ = {isa = PBXBuildFile; fileRef = 719EA64F277B6F4200F17102 /* TodoWidgetExtension.appex */; settings = {ATTRIBUTES = (RemoveHeadersOnCopy, ); }; };
		719EA661277B710700F17102 /* Main.xcdatamodeld in Sources */ = {isa = PBXBuildFile; fileRef = 710C89842768784D004FADCD /* Main.xcdatamodeld */; };
		719EA662277B712200F17102 /* CoreDataHelper.swift in Sources */ = {isa = PBXBuildFile; fileRef = 715AEFDF27688CE1009C63DB /* CoreDataHelper.swift */; };
		719EA663277B712A00F17102 /* DataController.swift in Sources */ = {isa = PBXBuildFile; fileRef = 710C898727687AC3004FADCD /* DataController.swift */; };
		719EA666277B71CE00F17102 /* DataController-Reminders.swift in Sources */ = {isa = PBXBuildFile; fileRef = 719EA665277B71CE00F17102 /* DataController-Reminders.swift */; };
		719EA668277B737000F17102 /* DataController-Awards.swift in Sources */ = {isa = PBXBuildFile; fileRef = 719EA667277B737000F17102 /* DataController-Awards.swift */; };
		719EA66A277B755600F17102 /* DataController-Settings.swift in Sources */ = {isa = PBXBuildFile; fileRef = 719EA669277B755600F17102 /* DataController-Settings.swift */; };
		719EA66C277B77E200F17102 /* ProjectInfoView.swift in Sources */ = {isa = PBXBuildFile; fileRef = 719EA66B277B77E200F17102 /* ProjectInfoView.swift */; };
		719EA66E277B7A9F00F17102 /* ProjectColorButtonView.swift in Sources */ = {isa = PBXBuildFile; fileRef = 719EA66D277B7A9F00F17102 /* ProjectColorButtonView.swift */; };
		719EA673277BBAF600F17102 /* UIApplication-HideKeyboard.swift in Sources */ = {isa = PBXBuildFile; fileRef = 719EA672277BBAF600F17102 /* UIApplication-HideKeyboard.swift */; };
		71A5703327739EB6009E7ACA /* Localizable.strings in Resources */ = {isa = PBXBuildFile; fileRef = 71A5703527739EB6009E7ACA /* Localizable.strings */; };
		71A5703727739EC3009E7ACA /* Localizable.stringsdict in Resources */ = {isa = PBXBuildFile; fileRef = 71A5703927739EC3009E7ACA /* Localizable.stringsdict */; };
		71A5703B27739F52009E7ACA /* Awards.json in Resources */ = {isa = PBXBuildFile; fileRef = 71A5703D27739F52009E7ACA /* Awards.json */; };
		71A570412774B57D009E7ACA /* HomeItemListView.swift in Sources */ = {isa = PBXBuildFile; fileRef = 71A570402774B57D009E7ACA /* HomeItemListView.swift */; };
		71A570432774B697009E7ACA /* ProjectSummaryView.swift in Sources */ = {isa = PBXBuildFile; fileRef = 71A570422774B697009E7ACA /* ProjectSummaryView.swift */; };
		71A63E02276766EE00EAB2EC /* MeToDoApp.swift in Sources */ = {isa = PBXBuildFile; fileRef = 71A63E01276766EE00EAB2EC /* MeToDoApp.swift */; };
		71A63E04276766EE00EAB2EC /* ContentView.swift in Sources */ = {isa = PBXBuildFile; fileRef = 71A63E03276766EE00EAB2EC /* ContentView.swift */; };
		71A63E06276766EF00EAB2EC /* Assets.xcassets in Resources */ = {isa = PBXBuildFile; fileRef = 71A63E05276766EF00EAB2EC /* Assets.xcassets */; };
		71A63E09276766EF00EAB2EC /* Preview Assets.xcassets in Resources */ = {isa = PBXBuildFile; fileRef = 71A63E08276766EF00EAB2EC /* Preview Assets.xcassets */; };
		71A63E102767680400EAB2EC /* TabBarView.swift in Sources */ = {isa = PBXBuildFile; fileRef = 71A63E0F2767680400EAB2EC /* TabBarView.swift */; };
		71A63E122767728700EAB2EC /* HomeView.swift in Sources */ = {isa = PBXBuildFile; fileRef = 71A63E112767728700EAB2EC /* HomeView.swift */; };
		71B31BA32775B9A900DD04DB /* MeToDoTests.swift in Sources */ = {isa = PBXBuildFile; fileRef = 71B31BA22775B9A900DD04DB /* MeToDoTests.swift */; };
		71B31BAA2775BA9700DD04DB /* AssetTests.swift in Sources */ = {isa = PBXBuildFile; fileRef = 71B31BA92775BA9700DD04DB /* AssetTests.swift */; };
		71B31BAC2775BC7E00DD04DB /* ProjectTests.swift in Sources */ = {isa = PBXBuildFile; fileRef = 71B31BAB2775BC7E00DD04DB /* ProjectTests.swift */; };
		71B31BAE2775C13500DD04DB /* AwardsTests.swift in Sources */ = {isa = PBXBuildFile; fileRef = 71B31BAD2775C13500DD04DB /* AwardsTests.swift */; };
		71B31BB0277673C800DD04DB /* DevelopmentTests.swift in Sources */ = {isa = PBXBuildFile; fileRef = 71B31BAF277673C800DD04DB /* DevelopmentTests.swift */; };
		71B31BB227767B1900DD04DB /* ExtensionsTests.swift in Sources */ = {isa = PBXBuildFile; fileRef = 71B31BB127767B1900DD04DB /* ExtensionsTests.swift */; };
		71B31BB427767DBA00DD04DB /* Sequence-Sorting.swift in Sources */ = {isa = PBXBuildFile; fileRef = 71B31BB327767DBA00DD04DB /* Sequence-Sorting.swift */; };
		71B31BBB2776816C00DD04DB /* DictionarySample.json in Resources */ = {isa = PBXBuildFile; fileRef = 71B31BBA2776816C00DD04DB /* DictionarySample.json */; };
		71B31BBD2776817E00DD04DB /* StringSample.json in Resources */ = {isa = PBXBuildFile; fileRef = 71B31BBC2776817E00DD04DB /* StringSample.json */; };
		71B31BBF27772CEE00DD04DB /* PerformanceTests.swift in Sources */ = {isa = PBXBuildFile; fileRef = 71B31BBE27772CEE00DD04DB /* PerformanceTests.swift */; };
		71B31BD12777386100DD04DB /* ProjectViewModel.swift in Sources */ = {isa = PBXBuildFile; fileRef = 71B31BD02777386100DD04DB /* ProjectViewModel.swift */; };
		71B709B9276A0B1F009E8ABD /* EditItemView.swift in Sources */ = {isa = PBXBuildFile; fileRef = 71B709B8276A0B1F009E8ABD /* EditItemView.swift */; };
		71D917BC277C5F460016773E /* Colors.xcassets in Resources */ = {isa = PBXBuildFile; fileRef = 718B0CBD276A258C005D496C /* Colors.xcassets */; };
		71D917BD277C5F6C0016773E /* Sequence-Sorting.swift in Sources */ = {isa = PBXBuildFile; fileRef = 71B31BB327767DBA00DD04DB /* Sequence-Sorting.swift */; };
		71D917BF277C6F440016773E /* DataProvider.swift in Sources */ = {isa = PBXBuildFile; fileRef = 71D917BE277C6F440016773E /* DataProvider.swift */; };
		71D917C0277C6F440016773E /* DataProvider.swift in Sources */ = {isa = PBXBuildFile; fileRef = 71D917BE277C6F440016773E /* DataProvider.swift */; };
		71D917C2277C6F670016773E /* SimpleWidget.swift in Sources */ = {isa = PBXBuildFile; fileRef = 71D917C1277C6F670016773E /* SimpleWidget.swift */; };
		71D917C3277C6F670016773E /* SimpleWidget.swift in Sources */ = {isa = PBXBuildFile; fileRef = 71D917C1277C6F670016773E /* SimpleWidget.swift */; };
		71D917C5277C6F910016773E /* ComplexWidget.swift in Sources */ = {isa = PBXBuildFile; fileRef = 71D917C4277C6F910016773E /* ComplexWidget.swift */; };
		71D917C6277C6F910016773E /* ComplexWidget.swift in Sources */ = {isa = PBXBuildFile; fileRef = 71D917C4277C6F910016773E /* ComplexWidget.swift */; };
/* End PBXBuildFile section */

/* Begin PBXContainerItemProxy section */
		719EA65A277B6F4300F17102 /* PBXContainerItemProxy */ = {
			isa = PBXContainerItemProxy;
			containerPortal = 71A63DF6276766EE00EAB2EC /* Project object */;
			proxyType = 1;
			remoteGlobalIDString = 719EA64E277B6F4200F17102;
			remoteInfo = TodoWidgetExtension;
		};
		71B31BA42775B9A900DD04DB /* PBXContainerItemProxy */ = {
			isa = PBXContainerItemProxy;
			containerPortal = 71A63DF6276766EE00EAB2EC /* Project object */;
			proxyType = 1;
			remoteGlobalIDString = 71A63DFD276766EE00EAB2EC;
			remoteInfo = MeToDo;
		};
/* End PBXContainerItemProxy section */

/* Begin PBXCopyFilesBuildPhase section */
		719EA65D277B6F4300F17102 /* Embed App Extensions */ = {
			isa = PBXCopyFilesBuildPhase;
			buildActionMask = 2147483647;
			dstPath = "";
			dstSubfolderSpec = 13;
			files = (
				719EA65C277B6F4300F17102 /* TodoWidgetExtension.appex in Embed App Extensions */,
			);
			name = "Embed App Extensions";
			runOnlyForDeploymentPostprocessing = 0;
		};
/* End PBXCopyFilesBuildPhase section */

/* Begin PBXFileReference section */
		710C89852768784D004FADCD /* Main.xcdatamodel */ = {isa = PBXFileReference; lastKnownFileType = wrapper.xcdatamodel; path = Main.xcdatamodel; sourceTree = "<group>"; };
		710C898727687AC3004FADCD /* DataController.swift */ = {isa = PBXFileReference; lastKnownFileType = sourcecode.swift; path = DataController.swift; sourceTree = "<group>"; };
		710C898927687E6D004FADCD /* MeToDo.entitlements */ = {isa = PBXFileReference; lastKnownFileType = text.plist.entitlements; path = MeToDo.entitlements; sourceTree = "<group>"; };
		710C898A27687E74004FADCD /* Info.plist */ = {isa = PBXFileReference; lastKnownFileType = text.plist.xml; path = Info.plist; sourceTree = "<group>"; };
		710C898C27687E84004FADCD /* CloudKit.framework */ = {isa = PBXFileReference; lastKnownFileType = wrapper.framework; name = CloudKit.framework; path = System/Library/Frameworks/CloudKit.framework; sourceTree = SDKROOT; };
		715AEFDD27688821009C63DB /* ProjectView.swift */ = {isa = PBXFileReference; lastKnownFileType = sourcecode.swift; path = ProjectView.swift; sourceTree = "<group>"; };
		715AEFDF27688CE1009C63DB /* CoreDataHelper.swift */ = {isa = PBXFileReference; lastKnownFileType = sourcecode.swift; path = CoreDataHelper.swift; sourceTree = "<group>"; };
		7170D0FD2779B22A00BA0D62 /* DueDateView.swift */ = {isa = PBXFileReference; lastKnownFileType = sourcecode.swift; path = DueDateView.swift; sourceTree = "<group>"; };
		71721FEB277886570050F0B2 /* HomeViewModel.swift */ = {isa = PBXFileReference; lastKnownFileType = sourcecode.swift; path = HomeViewModel.swift; sourceTree = "<group>"; };
		7172E47C277A1FC9001FD7EC /* SettingsView.swift */ = {isa = PBXFileReference; lastKnownFileType = sourcecode.swift; path = SettingsView.swift; sourceTree = "<group>"; };
		718952E0276F0CAB00EA32DE /* Bundle-Decodable.swift */ = {isa = PBXFileReference; lastKnownFileType = sourcecode.swift; path = "Bundle-Decodable.swift"; sourceTree = "<group>"; };
		718952E6276F0D6000EA32DE /* Award.swift */ = {isa = PBXFileReference; lastKnownFileType = sourcecode.swift; path = Award.swift; sourceTree = "<group>"; };
		718952E8276F0FA700EA32DE /* AwardsView.swift */ = {isa = PBXFileReference; lastKnownFileType = sourcecode.swift; path = AwardsView.swift; sourceTree = "<group>"; };
		718B0CB3276A1038005D496C /* ItemRowListView.swift */ = {isa = PBXFileReference; lastKnownFileType = sourcecode.swift; path = ItemRowListView.swift; sourceTree = "<group>"; };
		718B0CB5276A117D005D496C /* BindingOnChange.swift */ = {isa = PBXFileReference; lastKnownFileType = sourcecode.swift; path = BindingOnChange.swift; sourceTree = "<group>"; };
		718B0CBB276A21A8005D496C /* ProjectHeaderView.swift */ = {isa = PBXFileReference; lastKnownFileType = sourcecode.swift; path = ProjectHeaderView.swift; sourceTree = "<group>"; };
		718B0CBD276A258C005D496C /* Colors.xcassets */ = {isa = PBXFileReference; lastKnownFileType = folder.assetcatalog; path = Colors.xcassets; sourceTree = "<group>"; };
		718B0CBF276A274B005D496C /* EditProjectView.swift */ = {isa = PBXFileReference; lastKnownFileType = sourcecode.swift; path = EditProjectView.swift; sourceTree = "<group>"; };
		718B0CC1276C7E05005D496C /* AddProjectView.swift */ = {isa = PBXFileReference; lastKnownFileType = sourcecode.swift; path = AddProjectView.swift; sourceTree = "<group>"; };
		719EA647277B005100F17102 /* AppDelegate.swift */ = {isa = PBXFileReference; lastKnownFileType = sourcecode.swift; path = AppDelegate.swift; sourceTree = "<group>"; };
		719EA649277B006700F17102 /* SceneDelegate.swift */ = {isa = PBXFileReference; lastKnownFileType = sourcecode.swift; path = SceneDelegate.swift; sourceTree = "<group>"; };
		719EA64F277B6F4200F17102 /* TodoWidgetExtension.appex */ = {isa = PBXFileReference; explicitFileType = "wrapper.app-extension"; includeInIndex = 0; path = TodoWidgetExtension.appex; sourceTree = BUILT_PRODUCTS_DIR; };
		719EA650277B6F4200F17102 /* WidgetKit.framework */ = {isa = PBXFileReference; lastKnownFileType = wrapper.framework; name = WidgetKit.framework; path = System/Library/Frameworks/WidgetKit.framework; sourceTree = SDKROOT; };
		719EA652277B6F4200F17102 /* SwiftUI.framework */ = {isa = PBXFileReference; lastKnownFileType = wrapper.framework; name = SwiftUI.framework; path = System/Library/Frameworks/SwiftUI.framework; sourceTree = SDKROOT; };
		719EA655277B6F4200F17102 /* TodoWidget.swift */ = {isa = PBXFileReference; lastKnownFileType = sourcecode.swift; path = TodoWidget.swift; sourceTree = "<group>"; };
		719EA657277B6F4300F17102 /* Assets.xcassets */ = {isa = PBXFileReference; lastKnownFileType = folder.assetcatalog; path = Assets.xcassets; sourceTree = "<group>"; };
		719EA659277B6F4300F17102 /* Info.plist */ = {isa = PBXFileReference; lastKnownFileType = text.plist.xml; path = Info.plist; sourceTree = "<group>"; };
		719EA665277B71CE00F17102 /* DataController-Reminders.swift */ = {isa = PBXFileReference; lastKnownFileType = sourcecode.swift; path = "DataController-Reminders.swift"; sourceTree = "<group>"; };
		719EA667277B737000F17102 /* DataController-Awards.swift */ = {isa = PBXFileReference; lastKnownFileType = sourcecode.swift; path = "DataController-Awards.swift"; sourceTree = "<group>"; };
		719EA669277B755600F17102 /* DataController-Settings.swift */ = {isa = PBXFileReference; lastKnownFileType = sourcecode.swift; path = "DataController-Settings.swift"; sourceTree = "<group>"; };
		719EA66B277B77E200F17102 /* ProjectInfoView.swift */ = {isa = PBXFileReference; lastKnownFileType = sourcecode.swift; path = ProjectInfoView.swift; sourceTree = "<group>"; };
		719EA66D277B7A9F00F17102 /* ProjectColorButtonView.swift */ = {isa = PBXFileReference; lastKnownFileType = sourcecode.swift; path = ProjectColorButtonView.swift; sourceTree = "<group>"; };
		719EA671277B82EC00F17102 /* TodoWidgetExtension.entitlements */ = {isa = PBXFileReference; lastKnownFileType = text.plist.entitlements; path = TodoWidgetExtension.entitlements; sourceTree = "<group>"; };
		719EA672277BBAF600F17102 /* UIApplication-HideKeyboard.swift */ = {isa = PBXFileReference; lastKnownFileType = sourcecode.swift; path = "UIApplication-HideKeyboard.swift"; sourceTree = "<group>"; };
		71A5703427739EB6009E7ACA /* en */ = {isa = PBXFileReference; lastKnownFileType = text.plist.strings; name = en; path = en.lproj/Localizable.strings; sourceTree = "<group>"; };
		71A5703627739EB9009E7ACA /* ko */ = {isa = PBXFileReference; lastKnownFileType = text.plist.strings; name = ko; path = ko.lproj/Localizable.strings; sourceTree = "<group>"; };
		71A5703827739EC3009E7ACA /* en */ = {isa = PBXFileReference; lastKnownFileType = text.plist.stringsdict; name = en; path = en.lproj/Localizable.stringsdict; sourceTree = "<group>"; };
		71A5703A27739EC7009E7ACA /* ko */ = {isa = PBXFileReference; lastKnownFileType = text.plist.stringsdict; name = ko; path = ko.lproj/Localizable.stringsdict; sourceTree = "<group>"; };
		71A5703C27739F52009E7ACA /* en */ = {isa = PBXFileReference; lastKnownFileType = text.json; name = en; path = en.lproj/Awards.json; sourceTree = "<group>"; };
		71A5703E27739F54009E7ACA /* ko */ = {isa = PBXFileReference; lastKnownFileType = text.json; name = ko; path = ko.lproj/Awards.json; sourceTree = "<group>"; };
		71A570402774B57D009E7ACA /* HomeItemListView.swift */ = {isa = PBXFileReference; lastKnownFileType = sourcecode.swift; path = HomeItemListView.swift; sourceTree = "<group>"; };
		71A570422774B697009E7ACA /* ProjectSummaryView.swift */ = {isa = PBXFileReference; lastKnownFileType = sourcecode.swift; path = ProjectSummaryView.swift; sourceTree = "<group>"; };
		71A63DFE276766EE00EAB2EC /* MeToDo.app */ = {isa = PBXFileReference; explicitFileType = wrapper.application; includeInIndex = 0; path = MeToDo.app; sourceTree = BUILT_PRODUCTS_DIR; };
		71A63E01276766EE00EAB2EC /* MeToDoApp.swift */ = {isa = PBXFileReference; lastKnownFileType = sourcecode.swift; path = MeToDoApp.swift; sourceTree = "<group>"; };
		71A63E03276766EE00EAB2EC /* ContentView.swift */ = {isa = PBXFileReference; lastKnownFileType = sourcecode.swift; path = ContentView.swift; sourceTree = "<group>"; };
		71A63E05276766EF00EAB2EC /* Assets.xcassets */ = {isa = PBXFileReference; lastKnownFileType = folder.assetcatalog; path = Assets.xcassets; sourceTree = "<group>"; };
		71A63E08276766EF00EAB2EC /* Preview Assets.xcassets */ = {isa = PBXFileReference; lastKnownFileType = folder.assetcatalog; path = "Preview Assets.xcassets"; sourceTree = "<group>"; };
		71A63E0F2767680400EAB2EC /* TabBarView.swift */ = {isa = PBXFileReference; lastKnownFileType = sourcecode.swift; path = TabBarView.swift; sourceTree = "<group>"; };
		71A63E112767728700EAB2EC /* HomeView.swift */ = {isa = PBXFileReference; lastKnownFileType = sourcecode.swift; path = HomeView.swift; sourceTree = "<group>"; };
		71B31BA02775B9A900DD04DB /* MeToDoTests.xctest */ = {isa = PBXFileReference; explicitFileType = wrapper.cfbundle; includeInIndex = 0; path = MeToDoTests.xctest; sourceTree = BUILT_PRODUCTS_DIR; };
		71B31BA22775B9A900DD04DB /* MeToDoTests.swift */ = {isa = PBXFileReference; lastKnownFileType = sourcecode.swift; path = MeToDoTests.swift; sourceTree = "<group>"; };
		71B31BA92775BA9700DD04DB /* AssetTests.swift */ = {isa = PBXFileReference; lastKnownFileType = sourcecode.swift; path = AssetTests.swift; sourceTree = "<group>"; };
		71B31BAB2775BC7E00DD04DB /* ProjectTests.swift */ = {isa = PBXFileReference; lastKnownFileType = sourcecode.swift; path = ProjectTests.swift; sourceTree = "<group>"; };
		71B31BAD2775C13500DD04DB /* AwardsTests.swift */ = {isa = PBXFileReference; lastKnownFileType = sourcecode.swift; path = AwardsTests.swift; sourceTree = "<group>"; };
		71B31BAF277673C800DD04DB /* DevelopmentTests.swift */ = {isa = PBXFileReference; lastKnownFileType = sourcecode.swift; path = DevelopmentTests.swift; sourceTree = "<group>"; };
		71B31BB127767B1900DD04DB /* ExtensionsTests.swift */ = {isa = PBXFileReference; lastKnownFileType = sourcecode.swift; path = ExtensionsTests.swift; sourceTree = "<group>"; };
		71B31BB327767DBA00DD04DB /* Sequence-Sorting.swift */ = {isa = PBXFileReference; lastKnownFileType = sourcecode.swift; path = "Sequence-Sorting.swift"; sourceTree = "<group>"; };
		71B31BBA2776816C00DD04DB /* DictionarySample.json */ = {isa = PBXFileReference; lastKnownFileType = text.json; path = DictionarySample.json; sourceTree = "<group>"; };
		71B31BBC2776817E00DD04DB /* StringSample.json */ = {isa = PBXFileReference; lastKnownFileType = text.json; path = StringSample.json; sourceTree = "<group>"; };
		71B31BBE27772CEE00DD04DB /* PerformanceTests.swift */ = {isa = PBXFileReference; lastKnownFileType = sourcecode.swift; path = PerformanceTests.swift; sourceTree = "<group>"; };
		71B31BD02777386100DD04DB /* ProjectViewModel.swift */ = {isa = PBXFileReference; lastKnownFileType = sourcecode.swift; path = ProjectViewModel.swift; sourceTree = "<group>"; };
		71B709B8276A0B1F009E8ABD /* EditItemView.swift */ = {isa = PBXFileReference; lastKnownFileType = sourcecode.swift; path = EditItemView.swift; sourceTree = "<group>"; };
		71D917BE277C6F440016773E /* DataProvider.swift */ = {isa = PBXFileReference; lastKnownFileType = sourcecode.swift; path = DataProvider.swift; sourceTree = "<group>"; };
		71D917C1277C6F670016773E /* SimpleWidget.swift */ = {isa = PBXFileReference; lastKnownFileType = sourcecode.swift; path = SimpleWidget.swift; sourceTree = "<group>"; };
		71D917C4277C6F910016773E /* ComplexWidget.swift */ = {isa = PBXFileReference; lastKnownFileType = sourcecode.swift; path = ComplexWidget.swift; sourceTree = "<group>"; };
/* End PBXFileReference section */

/* Begin PBXFrameworksBuildPhase section */
		719EA64C277B6F4200F17102 /* Frameworks */ = {
			isa = PBXFrameworksBuildPhase;
			buildActionMask = 2147483647;
			files = (
				719EA653277B6F4200F17102 /* SwiftUI.framework in Frameworks */,
				719EA651277B6F4200F17102 /* WidgetKit.framework in Frameworks */,
			);
			runOnlyForDeploymentPostprocessing = 0;
		};
		71A63DFB276766EE00EAB2EC /* Frameworks */ = {
			isa = PBXFrameworksBuildPhase;
			buildActionMask = 2147483647;
			files = (
				710C898D27687E84004FADCD /* CloudKit.framework in Frameworks */,
			);
			runOnlyForDeploymentPostprocessing = 0;
		};
		71B31B9D2775B9A900DD04DB /* Frameworks */ = {
			isa = PBXFrameworksBuildPhase;
			buildActionMask = 2147483647;
			files = (
			);
			runOnlyForDeploymentPostprocessing = 0;
		};
/* End PBXFrameworksBuildPhase section */

/* Begin PBXGroup section */
		710C898B27687E84004FADCD /* Frameworks */ = {
			isa = PBXGroup;
			children = (
				710C898C27687E84004FADCD /* CloudKit.framework */,
				719EA650277B6F4200F17102 /* WidgetKit.framework */,
				719EA652277B6F4200F17102 /* SwiftUI.framework */,
			);
			name = Frameworks;
			sourceTree = "<group>";
		};
		719EA654277B6F4200F17102 /* TodoWidget */ = {
			isa = PBXGroup;
			children = (
				719EA655277B6F4200F17102 /* TodoWidget.swift */,
				71D917C4277C6F910016773E /* ComplexWidget.swift */,
				71D917C1277C6F670016773E /* SimpleWidget.swift */,
				71D917BE277C6F440016773E /* DataProvider.swift */,
				719EA657277B6F4300F17102 /* Assets.xcassets */,
				719EA659277B6F4300F17102 /* Info.plist */,
			);
			path = TodoWidget;
			sourceTree = "<group>";
		};
		71A570442774BB91009E7ACA /* View */ = {
			isa = PBXGroup;
			children = (
				71A63E03276766EE00EAB2EC /* ContentView.swift */,
				71A63E0F2767680400EAB2EC /* TabBarView.swift */,
				71A570452774BBA0009E7ACA /* Home */,
				71A570462774BBE5009E7ACA /* Project */,
				71A570472774BBF2009E7ACA /* Add */,
				71A570482774BBF7009E7ACA /* Awards */,
				7172E47C277A1FC9001FD7EC /* SettingsView.swift */,
			);
			path = View;
			sourceTree = "<group>";
		};
		71A570452774BBA0009E7ACA /* Home */ = {
			isa = PBXGroup;
			children = (
				71A63E112767728700EAB2EC /* HomeView.swift */,
				71A570402774B57D009E7ACA /* HomeItemListView.swift */,
			);
			path = Home;
			sourceTree = "<group>";
		};
		71A570462774BBE5009E7ACA /* Project */ = {
			isa = PBXGroup;
			children = (
				715AEFDD27688821009C63DB /* ProjectView.swift */,
				718B0CBB276A21A8005D496C /* ProjectHeaderView.swift */,
				718B0CB3276A1038005D496C /* ItemRowListView.swift */,
				71B709B8276A0B1F009E8ABD /* EditItemView.swift */,
				71A570422774B697009E7ACA /* ProjectSummaryView.swift */,
			);
			path = Project;
			sourceTree = "<group>";
		};
		71A570472774BBF2009E7ACA /* Add */ = {
			isa = PBXGroup;
			children = (
				718B0CC1276C7E05005D496C /* AddProjectView.swift */,
				718B0CBF276A274B005D496C /* EditProjectView.swift */,
				719EA66B277B77E200F17102 /* ProjectInfoView.swift */,
				719EA66D277B7A9F00F17102 /* ProjectColorButtonView.swift */,
				7170D0FD2779B22A00BA0D62 /* DueDateView.swift */,
			);
			path = Add;
			sourceTree = "<group>";
		};
		71A570482774BBF7009E7ACA /* Awards */ = {
			isa = PBXGroup;
			children = (
				718952E8276F0FA700EA32DE /* AwardsView.swift */,
			);
			path = Awards;
			sourceTree = "<group>";
		};
		71A570492774BC41009E7ACA /* Extension */ = {
			isa = PBXGroup;
			children = (
				718952E0276F0CAB00EA32DE /* Bundle-Decodable.swift */,
				718B0CB5276A117D005D496C /* BindingOnChange.swift */,
				71B31BB327767DBA00DD04DB /* Sequence-Sorting.swift */,
				719EA672277BBAF600F17102 /* UIApplication-HideKeyboard.swift */,
			);
			path = Extension;
			sourceTree = "<group>";
		};
		71A5704A2774BC5B009E7ACA /* Model */ = {
			isa = PBXGroup;
			children = (
				715AEFDF27688CE1009C63DB /* CoreDataHelper.swift */,
				718952E6276F0D6000EA32DE /* Award.swift */,
			);
			path = Model;
			sourceTree = "<group>";
		};
		71A5704B2774BC5F009E7ACA /* Controller */ = {
			isa = PBXGroup;
			children = (
				710C898727687AC3004FADCD /* DataController.swift */,
				719EA665277B71CE00F17102 /* DataController-Reminders.swift */,
				719EA667277B737000F17102 /* DataController-Awards.swift */,
				719EA669277B755600F17102 /* DataController-Settings.swift */,
			);
			path = Controller;
			sourceTree = "<group>";
		};
		71A5704C2774BC6E009E7ACA /* Localization */ = {
			isa = PBXGroup;
			children = (
				71A5703527739EB6009E7ACA /* Localizable.strings */,
				71A5703927739EC3009E7ACA /* Localizable.stringsdict */,
				71A5703D27739F52009E7ACA /* Awards.json */,
			);
			path = Localization;
			sourceTree = "<group>";
		};
		71A5704D2774C456009E7ACA /* Configuration */ = {
			isa = PBXGroup;
			children = (
				710C898A27687E74004FADCD /* Info.plist */,
				719EA647277B005100F17102 /* AppDelegate.swift */,
				719EA649277B006700F17102 /* SceneDelegate.swift */,
			);
			path = Configuration;
			sourceTree = "<group>";
		};
		71A63DF5276766EE00EAB2EC = {
			isa = PBXGroup;
			children = (
				71A63E00276766EE00EAB2EC /* MeToDo */,
				71B31BA12775B9A900DD04DB /* MeToDoTests */,
				719EA654277B6F4200F17102 /* TodoWidget */,
				719EA671277B82EC00F17102 /* TodoWidgetExtension.entitlements */,
				71A63DFF276766EE00EAB2EC /* Products */,
				710C898B27687E84004FADCD /* Frameworks */,
			);
			sourceTree = "<group>";
		};
		71A63DFF276766EE00EAB2EC /* Products */ = {
			isa = PBXGroup;
			children = (
				71A63DFE276766EE00EAB2EC /* MeToDo.app */,
				71B31BA02775B9A900DD04DB /* MeToDoTests.xctest */,
				719EA64F277B6F4200F17102 /* TodoWidgetExtension.appex */,
			);
			name = Products;
			sourceTree = "<group>";
		};
		71A63E00276766EE00EAB2EC /* MeToDo */ = {
			isa = PBXGroup;
			children = (
				710C898927687E6D004FADCD /* MeToDo.entitlements */,
				71A5704D2774C456009E7ACA /* Configuration */,
				71A63E01276766EE00EAB2EC /* MeToDoApp.swift */,
				71A5704A2774BC5B009E7ACA /* Model */,
				71A570442774BB91009E7ACA /* View */,
				71B31BCF2777384600DD04DB /* ViewModel */,
				71A5704B2774BC5F009E7ACA /* Controller */,
				71A570492774BC41009E7ACA /* Extension */,
				71A5704C2774BC6E009E7ACA /* Localization */,
				710C89842768784D004FADCD /* Main.xcdatamodeld */,
				71A63E05276766EF00EAB2EC /* Assets.xcassets */,
				718B0CBD276A258C005D496C /* Colors.xcassets */,
				71A63E07276766EF00EAB2EC /* Preview Content */,
			);
			path = MeToDo;
			sourceTree = "<group>";
		};
		71A63E07276766EF00EAB2EC /* Preview Content */ = {
			isa = PBXGroup;
			children = (
				71A63E08276766EF00EAB2EC /* Preview Assets.xcassets */,
			);
			path = "Preview Content";
			sourceTree = "<group>";
		};
		71B31BA12775B9A900DD04DB /* MeToDoTests */ = {
			isa = PBXGroup;
			children = (
				71B31BB5277680B700DD04DB /* TestSample */,
				71B31BA22775B9A900DD04DB /* MeToDoTests.swift */,
				71B31BA92775BA9700DD04DB /* AssetTests.swift */,
				71B31BAB2775BC7E00DD04DB /* ProjectTests.swift */,
				71B31BAD2775C13500DD04DB /* AwardsTests.swift */,
				71B31BAF277673C800DD04DB /* DevelopmentTests.swift */,
				71B31BB127767B1900DD04DB /* ExtensionsTests.swift */,
				71B31BBE27772CEE00DD04DB /* PerformanceTests.swift */,
			);
			path = MeToDoTests;
			sourceTree = "<group>";
		};
		71B31BB5277680B700DD04DB /* TestSample */ = {
			isa = PBXGroup;
			children = (
				71B31BBA2776816C00DD04DB /* DictionarySample.json */,
				71B31BBC2776817E00DD04DB /* StringSample.json */,
			);
			path = TestSample;
			sourceTree = "<group>";
		};
		71B31BCF2777384600DD04DB /* ViewModel */ = {
			isa = PBXGroup;
			children = (
				71B31BD02777386100DD04DB /* ProjectViewModel.swift */,
				71721FEB277886570050F0B2 /* HomeViewModel.swift */,
			);
			path = ViewModel;
			sourceTree = "<group>";
		};
/* End PBXGroup section */

/* Begin PBXNativeTarget section */
		719EA64E277B6F4200F17102 /* TodoWidgetExtension */ = {
			isa = PBXNativeTarget;
			buildConfigurationList = 719EA660277B6F4300F17102 /* Build configuration list for PBXNativeTarget "TodoWidgetExtension" */;
			buildPhases = (
				719EA64B277B6F4200F17102 /* Sources */,
				719EA64C277B6F4200F17102 /* Frameworks */,
				719EA64D277B6F4200F17102 /* Resources */,
			);
			buildRules = (
			);
			dependencies = (
			);
			name = TodoWidgetExtension;
			productName = TodoWidgetExtension;
			productReference = 719EA64F277B6F4200F17102 /* TodoWidgetExtension.appex */;
			productType = "com.apple.product-type.app-extension";
		};
		71A63DFD276766EE00EAB2EC /* MeToDo */ = {
			isa = PBXNativeTarget;
			buildConfigurationList = 71A63E0C276766EF00EAB2EC /* Build configuration list for PBXNativeTarget "MeToDo" */;
			buildPhases = (
				71A63DFA276766EE00EAB2EC /* Sources */,
				71A63DFB276766EE00EAB2EC /* Frameworks */,
				71A63DFC276766EE00EAB2EC /* Resources */,
				718B0CC3276CCEBD005D496C /* ShellScript */,
				719EA65D277B6F4300F17102 /* Embed App Extensions */,
			);
			buildRules = (
			);
			dependencies = (
				719EA65B277B6F4300F17102 /* PBXTargetDependency */,
			);
			name = MeToDo;
			productName = MeToDo;
			productReference = 71A63DFE276766EE00EAB2EC /* MeToDo.app */;
			productType = "com.apple.product-type.application";
		};
		71B31B9F2775B9A900DD04DB /* MeToDoTests */ = {
			isa = PBXNativeTarget;
			buildConfigurationList = 71B31BA82775B9A900DD04DB /* Build configuration list for PBXNativeTarget "MeToDoTests" */;
			buildPhases = (
				71B31B9C2775B9A900DD04DB /* Sources */,
				71B31B9D2775B9A900DD04DB /* Frameworks */,
				71B31B9E2775B9A900DD04DB /* Resources */,
			);
			buildRules = (
			);
			dependencies = (
				71B31BA52775B9A900DD04DB /* PBXTargetDependency */,
			);
			name = MeToDoTests;
			productName = MeToDoTests;
			productReference = 71B31BA02775B9A900DD04DB /* MeToDoTests.xctest */;
			productType = "com.apple.product-type.bundle.unit-test";
		};
/* End PBXNativeTarget section */

/* Begin PBXProject section */
		71A63DF6276766EE00EAB2EC /* Project object */ = {
			isa = PBXProject;
			attributes = {
				BuildIndependentTargetsInParallel = 1;
				LastSwiftUpdateCheck = 1320;
				LastUpgradeCheck = 1310;
				TargetAttributes = {
					719EA64E277B6F4200F17102 = {
						CreatedOnToolsVersion = 13.2.1;
					};
					71A63DFD276766EE00EAB2EC = {
						CreatedOnToolsVersion = 13.1;
					};
					71B31B9F2775B9A900DD04DB = {
						CreatedOnToolsVersion = 13.2.1;
						TestTargetID = 71A63DFD276766EE00EAB2EC;
					};
				};
			};
			buildConfigurationList = 71A63DF9276766EE00EAB2EC /* Build configuration list for PBXProject "MeToDo" */;
			compatibilityVersion = "Xcode 13.0";
			developmentRegion = en;
			hasScannedForEncodings = 0;
			knownRegions = (
				en,
				Base,
				ko,
			);
			mainGroup = 71A63DF5276766EE00EAB2EC;
			productRefGroup = 71A63DFF276766EE00EAB2EC /* Products */;
			projectDirPath = "";
			projectRoot = "";
			targets = (
				71A63DFD276766EE00EAB2EC /* MeToDo */,
				71B31B9F2775B9A900DD04DB /* MeToDoTests */,
				719EA64E277B6F4200F17102 /* TodoWidgetExtension */,
			);
		};
/* End PBXProject section */

/* Begin PBXResourcesBuildPhase section */
		719EA64D277B6F4200F17102 /* Resources */ = {
			isa = PBXResourcesBuildPhase;
			buildActionMask = 2147483647;
			files = (
				719EA658277B6F4300F17102 /* Assets.xcassets in Resources */,
				71D917BC277C5F460016773E /* Colors.xcassets in Resources */,
			);
			runOnlyForDeploymentPostprocessing = 0;
		};
		71A63DFC276766EE00EAB2EC /* Resources */ = {
			isa = PBXResourcesBuildPhase;
			buildActionMask = 2147483647;
			files = (
				71A5703327739EB6009E7ACA /* Localizable.strings in Resources */,
				718B0CBE276A258C005D496C /* Colors.xcassets in Resources */,
				71A5703B27739F52009E7ACA /* Awards.json in Resources */,
				71A63E09276766EF00EAB2EC /* Preview Assets.xcassets in Resources */,
				71A63E06276766EF00EAB2EC /* Assets.xcassets in Resources */,
				71A5703727739EC3009E7ACA /* Localizable.stringsdict in Resources */,
			);
			runOnlyForDeploymentPostprocessing = 0;
		};
		71B31B9E2775B9A900DD04DB /* Resources */ = {
			isa = PBXResourcesBuildPhase;
			buildActionMask = 2147483647;
			files = (
				71B31BBD2776817E00DD04DB /* StringSample.json in Resources */,
				71B31BBB2776816C00DD04DB /* DictionarySample.json in Resources */,
			);
			runOnlyForDeploymentPostprocessing = 0;
		};
/* End PBXResourcesBuildPhase section */

/* Begin PBXShellScriptBuildPhase section */
		718B0CC3276CCEBD005D496C /* ShellScript */ = {
			isa = PBXShellScriptBuildPhase;
			buildActionMask = 2147483647;
			files = (
			);
			inputFileListPaths = (
			);
			inputPaths = (
			);
			outputFileListPaths = (
			);
			outputPaths = (
			);
			runOnlyForDeploymentPostprocessing = 0;
			shellPath = /bin/sh;
			shellScript = "if test -d \"/opt/homebrew/bin/\"; then\n  PATH=\"/opt/homebrew/bin/:${PATH}\"\nfi\n\nexport PATH\n\nif which swiftlint >/dev/null; then\n  swiftlint\nelse\n  echo \"warning: SwiftLint not installed, download from https://github.com/realm/SwiftLint\"\nfi\n";
		};
/* End PBXShellScriptBuildPhase section */

/* Begin PBXSourcesBuildPhase section */
		719EA64B277B6F4200F17102 /* Sources */ = {
			isa = PBXSourcesBuildPhase;
			buildActionMask = 2147483647;
			files = (
				71D917C0277C6F440016773E /* DataProvider.swift in Sources */,
				719EA662277B712200F17102 /* CoreDataHelper.swift in Sources */,
				71D917C6277C6F910016773E /* ComplexWidget.swift in Sources */,
				71D917BD277C5F6C0016773E /* Sequence-Sorting.swift in Sources */,
				719EA663277B712A00F17102 /* DataController.swift in Sources */,
				71D917C3277C6F670016773E /* SimpleWidget.swift in Sources */,
				719EA661277B710700F17102 /* Main.xcdatamodeld in Sources */,
				719EA656277B6F4200F17102 /* TodoWidget.swift in Sources */,
			);
			runOnlyForDeploymentPostprocessing = 0;
		};
		71A63DFA276766EE00EAB2EC /* Sources */ = {
			isa = PBXSourcesBuildPhase;
			buildActionMask = 2147483647;
			files = (
				719EA66C277B77E200F17102 /* ProjectInfoView.swift in Sources */,
				71A63E04276766EE00EAB2EC /* ContentView.swift in Sources */,
				71721FEC277886570050F0B2 /* HomeViewModel.swift in Sources */,
				71B31BB427767DBA00DD04DB /* Sequence-Sorting.swift in Sources */,
				718B0CBC276A21A8005D496C /* ProjectHeaderView.swift in Sources */,
				7170D0FE2779B22A00BA0D62 /* DueDateView.swift in Sources */,
				71A570412774B57D009E7ACA /* HomeItemListView.swift in Sources */,
				71D917C2277C6F670016773E /* SimpleWidget.swift in Sources */,
				719EA66A277B755600F17102 /* DataController-Settings.swift in Sources */,
				718952E1276F0CAB00EA32DE /* Bundle-Decodable.swift in Sources */,
				710C898827687AC3004FADCD /* DataController.swift in Sources */,
				719EA673277BBAF600F17102 /* UIApplication-HideKeyboard.swift in Sources */,
				715AEFE027688CE1009C63DB /* CoreDataHelper.swift in Sources */,
				719EA666277B71CE00F17102 /* DataController-Reminders.swift in Sources */,
				7172E47D277A1FC9001FD7EC /* SettingsView.swift in Sources */,
				719EA668277B737000F17102 /* DataController-Awards.swift in Sources */,
				71B31BD12777386100DD04DB /* ProjectViewModel.swift in Sources */,
				718952E7276F0D6000EA32DE /* Award.swift in Sources */,
				718952E9276F0FA700EA32DE /* AwardsView.swift in Sources */,
				719EA648277B005100F17102 /* AppDelegate.swift in Sources */,
				71A570432774B697009E7ACA /* ProjectSummaryView.swift in Sources */,
				718B0CC0276A274B005D496C /* EditProjectView.swift in Sources */,
				71A63E122767728700EAB2EC /* HomeView.swift in Sources */,
				718B0CB4276A1038005D496C /* ItemRowListView.swift in Sources */,
				71A63E102767680400EAB2EC /* TabBarView.swift in Sources */,
				715AEFDE27688821009C63DB /* ProjectView.swift in Sources */,
				71A63E02276766EE00EAB2EC /* MeToDoApp.swift in Sources */,
				71D917C5277C6F910016773E /* ComplexWidget.swift in Sources */,
				719EA64A277B006700F17102 /* SceneDelegate.swift in Sources */,
				71D917BF277C6F440016773E /* DataProvider.swift in Sources */,
				718B0CC2276C7E05005D496C /* AddProjectView.swift in Sources */,
				710C89862768784D004FADCD /* Main.xcdatamodeld in Sources */,
				718B0CB6276A117D005D496C /* BindingOnChange.swift in Sources */,
				719EA66E277B7A9F00F17102 /* ProjectColorButtonView.swift in Sources */,
				71B709B9276A0B1F009E8ABD /* EditItemView.swift in Sources */,
			);
			runOnlyForDeploymentPostprocessing = 0;
		};
		71B31B9C2775B9A900DD04DB /* Sources */ = {
			isa = PBXSourcesBuildPhase;
			buildActionMask = 2147483647;
			files = (
				71B31BBF27772CEE00DD04DB /* PerformanceTests.swift in Sources */,
				71B31BAA2775BA9700DD04DB /* AssetTests.swift in Sources */,
				71B31BB227767B1900DD04DB /* ExtensionsTests.swift in Sources */,
				71B31BAE2775C13500DD04DB /* AwardsTests.swift in Sources */,
				71B31BA32775B9A900DD04DB /* MeToDoTests.swift in Sources */,
				71B31BAC2775BC7E00DD04DB /* ProjectTests.swift in Sources */,
				71B31BB0277673C800DD04DB /* DevelopmentTests.swift in Sources */,
			);
			runOnlyForDeploymentPostprocessing = 0;
		};
/* End PBXSourcesBuildPhase section */

/* Begin PBXTargetDependency section */
		719EA65B277B6F4300F17102 /* PBXTargetDependency */ = {
			isa = PBXTargetDependency;
			target = 719EA64E277B6F4200F17102 /* TodoWidgetExtension */;
			targetProxy = 719EA65A277B6F4300F17102 /* PBXContainerItemProxy */;
		};
		71B31BA52775B9A900DD04DB /* PBXTargetDependency */ = {
			isa = PBXTargetDependency;
			target = 71A63DFD276766EE00EAB2EC /* MeToDo */;
			targetProxy = 71B31BA42775B9A900DD04DB /* PBXContainerItemProxy */;
		};
/* End PBXTargetDependency section */

/* Begin PBXVariantGroup section */
		71A5703527739EB6009E7ACA /* Localizable.strings */ = {
			isa = PBXVariantGroup;
			children = (
				71A5703427739EB6009E7ACA /* en */,
				71A5703627739EB9009E7ACA /* ko */,
			);
			name = Localizable.strings;
			sourceTree = "<group>";
		};
		71A5703927739EC3009E7ACA /* Localizable.stringsdict */ = {
			isa = PBXVariantGroup;
			children = (
				71A5703827739EC3009E7ACA /* en */,
				71A5703A27739EC7009E7ACA /* ko */,
			);
			name = Localizable.stringsdict;
			sourceTree = "<group>";
		};
		71A5703D27739F52009E7ACA /* Awards.json */ = {
			isa = PBXVariantGroup;
			children = (
				71A5703C27739F52009E7ACA /* en */,
				71A5703E27739F54009E7ACA /* ko */,
			);
			name = Awards.json;
			sourceTree = "<group>";
		};
/* End PBXVariantGroup section */

/* Begin XCBuildConfiguration section */
		719EA65E277B6F4300F17102 /* Debug */ = {
			isa = XCBuildConfiguration;
			buildSettings = {
				ASSETCATALOG_COMPILER_GLOBAL_ACCENT_COLOR_NAME = AccentColor;
				ASSETCATALOG_COMPILER_WIDGET_BACKGROUND_COLOR_NAME = WidgetBackground;
				CODE_SIGN_ENTITLEMENTS = TodoWidgetExtension.entitlements;
				CODE_SIGN_STYLE = Automatic;
				CURRENT_PROJECT_VERSION = 1;
				DEVELOPMENT_TEAM = G6V85GALCN;
				GENERATE_INFOPLIST_FILE = YES;
				INFOPLIST_FILE = TodoWidget/Info.plist;
				INFOPLIST_KEY_CFBundleDisplayName = TodoWidget;
				INFOPLIST_KEY_NSHumanReadableCopyright = "";
				IPHONEOS_DEPLOYMENT_TARGET = 15.2;
				LD_RUNPATH_SEARCH_PATHS = (
					"$(inherited)",
					"@executable_path/Frameworks",
					"@executable_path/../../Frameworks",
				);
				MARKETING_VERSION = 1.0;
				PRODUCT_BUNDLE_IDENTIFIER = net.naolin.MeToDo.TodoWidget;
				PRODUCT_NAME = "$(TARGET_NAME)";
				SKIP_INSTALL = YES;
				SWIFT_EMIT_LOC_STRINGS = YES;
				SWIFT_VERSION = 5.0;
				TARGETED_DEVICE_FAMILY = "1,2";
			};
			name = Debug;
		};
		719EA65F277B6F4300F17102 /* Release */ = {
			isa = XCBuildConfiguration;
			buildSettings = {
				ASSETCATALOG_COMPILER_GLOBAL_ACCENT_COLOR_NAME = AccentColor;
				ASSETCATALOG_COMPILER_WIDGET_BACKGROUND_COLOR_NAME = WidgetBackground;
				CODE_SIGN_ENTITLEMENTS = TodoWidgetExtension.entitlements;
				CODE_SIGN_STYLE = Automatic;
				CURRENT_PROJECT_VERSION = 1;
				DEVELOPMENT_TEAM = G6V85GALCN;
				GENERATE_INFOPLIST_FILE = YES;
				INFOPLIST_FILE = TodoWidget/Info.plist;
				INFOPLIST_KEY_CFBundleDisplayName = TodoWidget;
				INFOPLIST_KEY_NSHumanReadableCopyright = "";
				IPHONEOS_DEPLOYMENT_TARGET = 15.2;
				LD_RUNPATH_SEARCH_PATHS = (
					"$(inherited)",
					"@executable_path/Frameworks",
					"@executable_path/../../Frameworks",
				);
				MARKETING_VERSION = 1.0;
				PRODUCT_BUNDLE_IDENTIFIER = net.naolin.MeToDo.TodoWidget;
				PRODUCT_NAME = "$(TARGET_NAME)";
				SKIP_INSTALL = YES;
				SWIFT_EMIT_LOC_STRINGS = YES;
				SWIFT_VERSION = 5.0;
				TARGETED_DEVICE_FAMILY = "1,2";
			};
			name = Release;
		};
		71A63E0A276766EF00EAB2EC /* Debug */ = {
			isa = XCBuildConfiguration;
			buildSettings = {
				ALWAYS_SEARCH_USER_PATHS = NO;
				CLANG_ANALYZER_NONNULL = YES;
				CLANG_ANALYZER_NUMBER_OBJECT_CONVERSION = YES_AGGRESSIVE;
				CLANG_CXX_LANGUAGE_STANDARD = "gnu++17";
				CLANG_CXX_LIBRARY = "libc++";
				CLANG_ENABLE_MODULES = YES;
				CLANG_ENABLE_OBJC_ARC = YES;
				CLANG_ENABLE_OBJC_WEAK = YES;
				CLANG_WARN_BLOCK_CAPTURE_AUTORELEASING = YES;
				CLANG_WARN_BOOL_CONVERSION = YES;
				CLANG_WARN_COMMA = YES;
				CLANG_WARN_CONSTANT_CONVERSION = YES;
				CLANG_WARN_DEPRECATED_OBJC_IMPLEMENTATIONS = YES;
				CLANG_WARN_DIRECT_OBJC_ISA_USAGE = YES_ERROR;
				CLANG_WARN_DOCUMENTATION_COMMENTS = YES;
				CLANG_WARN_EMPTY_BODY = YES;
				CLANG_WARN_ENUM_CONVERSION = YES;
				CLANG_WARN_INFINITE_RECURSION = YES;
				CLANG_WARN_INT_CONVERSION = YES;
				CLANG_WARN_NON_LITERAL_NULL_CONVERSION = YES;
				CLANG_WARN_OBJC_IMPLICIT_RETAIN_SELF = YES;
				CLANG_WARN_OBJC_LITERAL_CONVERSION = YES;
				CLANG_WARN_OBJC_ROOT_CLASS = YES_ERROR;
				CLANG_WARN_QUOTED_INCLUDE_IN_FRAMEWORK_HEADER = YES;
				CLANG_WARN_RANGE_LOOP_ANALYSIS = YES;
				CLANG_WARN_STRICT_PROTOTYPES = YES;
				CLANG_WARN_SUSPICIOUS_MOVE = YES;
				CLANG_WARN_UNGUARDED_AVAILABILITY = YES_AGGRESSIVE;
				CLANG_WARN_UNREACHABLE_CODE = YES;
				CLANG_WARN__DUPLICATE_METHOD_MATCH = YES;
				COPY_PHASE_STRIP = NO;
				DEBUG_INFORMATION_FORMAT = dwarf;
				ENABLE_STRICT_OBJC_MSGSEND = YES;
				ENABLE_TESTABILITY = YES;
				GCC_C_LANGUAGE_STANDARD = gnu11;
				GCC_DYNAMIC_NO_PIC = NO;
				GCC_NO_COMMON_BLOCKS = YES;
				GCC_OPTIMIZATION_LEVEL = 0;
				GCC_PREPROCESSOR_DEFINITIONS = (
					"DEBUG=1",
					"$(inherited)",
				);
				GCC_WARN_64_TO_32_BIT_CONVERSION = YES;
				GCC_WARN_ABOUT_RETURN_TYPE = YES_ERROR;
				GCC_WARN_UNDECLARED_SELECTOR = YES;
				GCC_WARN_UNINITIALIZED_AUTOS = YES_AGGRESSIVE;
				GCC_WARN_UNUSED_FUNCTION = YES;
				GCC_WARN_UNUSED_VARIABLE = YES;
				IPHONEOS_DEPLOYMENT_TARGET = 15.0;
				MTL_ENABLE_DEBUG_INFO = INCLUDE_SOURCE;
				MTL_FAST_MATH = YES;
				ONLY_ACTIVE_ARCH = YES;
				SDKROOT = iphoneos;
				SWIFT_ACTIVE_COMPILATION_CONDITIONS = DEBUG;
				SWIFT_OPTIMIZATION_LEVEL = "-Onone";
			};
			name = Debug;
		};
		71A63E0B276766EF00EAB2EC /* Release */ = {
			isa = XCBuildConfiguration;
			buildSettings = {
				ALWAYS_SEARCH_USER_PATHS = NO;
				CLANG_ANALYZER_NONNULL = YES;
				CLANG_ANALYZER_NUMBER_OBJECT_CONVERSION = YES_AGGRESSIVE;
				CLANG_CXX_LANGUAGE_STANDARD = "gnu++17";
				CLANG_CXX_LIBRARY = "libc++";
				CLANG_ENABLE_MODULES = YES;
				CLANG_ENABLE_OBJC_ARC = YES;
				CLANG_ENABLE_OBJC_WEAK = YES;
				CLANG_WARN_BLOCK_CAPTURE_AUTORELEASING = YES;
				CLANG_WARN_BOOL_CONVERSION = YES;
				CLANG_WARN_COMMA = YES;
				CLANG_WARN_CONSTANT_CONVERSION = YES;
				CLANG_WARN_DEPRECATED_OBJC_IMPLEMENTATIONS = YES;
				CLANG_WARN_DIRECT_OBJC_ISA_USAGE = YES_ERROR;
				CLANG_WARN_DOCUMENTATION_COMMENTS = YES;
				CLANG_WARN_EMPTY_BODY = YES;
				CLANG_WARN_ENUM_CONVERSION = YES;
				CLANG_WARN_INFINITE_RECURSION = YES;
				CLANG_WARN_INT_CONVERSION = YES;
				CLANG_WARN_NON_LITERAL_NULL_CONVERSION = YES;
				CLANG_WARN_OBJC_IMPLICIT_RETAIN_SELF = YES;
				CLANG_WARN_OBJC_LITERAL_CONVERSION = YES;
				CLANG_WARN_OBJC_ROOT_CLASS = YES_ERROR;
				CLANG_WARN_QUOTED_INCLUDE_IN_FRAMEWORK_HEADER = YES;
				CLANG_WARN_RANGE_LOOP_ANALYSIS = YES;
				CLANG_WARN_STRICT_PROTOTYPES = YES;
				CLANG_WARN_SUSPICIOUS_MOVE = YES;
				CLANG_WARN_UNGUARDED_AVAILABILITY = YES_AGGRESSIVE;
				CLANG_WARN_UNREACHABLE_CODE = YES;
				CLANG_WARN__DUPLICATE_METHOD_MATCH = YES;
				COPY_PHASE_STRIP = NO;
				DEBUG_INFORMATION_FORMAT = "dwarf-with-dsym";
				ENABLE_NS_ASSERTIONS = NO;
				ENABLE_STRICT_OBJC_MSGSEND = YES;
				GCC_C_LANGUAGE_STANDARD = gnu11;
				GCC_NO_COMMON_BLOCKS = YES;
				GCC_WARN_64_TO_32_BIT_CONVERSION = YES;
				GCC_WARN_ABOUT_RETURN_TYPE = YES_ERROR;
				GCC_WARN_UNDECLARED_SELECTOR = YES;
				GCC_WARN_UNINITIALIZED_AUTOS = YES_AGGRESSIVE;
				GCC_WARN_UNUSED_FUNCTION = YES;
				GCC_WARN_UNUSED_VARIABLE = YES;
				IPHONEOS_DEPLOYMENT_TARGET = 15.0;
				MTL_ENABLE_DEBUG_INFO = NO;
				MTL_FAST_MATH = YES;
				SDKROOT = iphoneos;
				SWIFT_COMPILATION_MODE = wholemodule;
				SWIFT_OPTIMIZATION_LEVEL = "-O";
				VALIDATE_PRODUCT = YES;
			};
			name = Release;
		};
		71A63E0D276766EF00EAB2EC /* Debug */ = {
			isa = XCBuildConfiguration;
			buildSettings = {
				ALWAYS_EMBED_SWIFT_STANDARD_LIBRARIES = YES;
				ASSETCATALOG_COMPILER_APPICON_NAME = AppIcon;
				ASSETCATALOG_COMPILER_GLOBAL_ACCENT_COLOR_NAME = AccentColor;
				CODE_SIGN_ENTITLEMENTS = MeToDo/MeToDo.entitlements;
				CODE_SIGN_STYLE = Automatic;
				CURRENT_PROJECT_VERSION = 1;
				DEVELOPMENT_ASSET_PATHS = "\"MeToDo/Preview Content\"";
				DEVELOPMENT_TEAM = G6V85GALCN;
				ENABLE_PREVIEWS = YES;
				GENERATE_INFOPLIST_FILE = YES;
				INFOPLIST_FILE = MeToDo/Configuration/Info.plist;
				INFOPLIST_KEY_UIApplicationSceneManifest_Generation = YES;
				INFOPLIST_KEY_UIApplicationSupportsIndirectInputEvents = YES;
				INFOPLIST_KEY_UILaunchScreen_Generation = YES;
				INFOPLIST_KEY_UISupportedInterfaceOrientations = UIInterfaceOrientationPortrait;
				INFOPLIST_KEY_UISupportedInterfaceOrientations_iPad = "UIInterfaceOrientationPortrait UIInterfaceOrientationPortraitUpsideDown UIInterfaceOrientationLandscapeLeft UIInterfaceOrientationLandscapeRight";
				INFOPLIST_KEY_UISupportedInterfaceOrientations_iPhone = "UIInterfaceOrientationPortrait UIInterfaceOrientationLandscapeLeft UIInterfaceOrientationLandscapeRight";
				LD_RUNPATH_SEARCH_PATHS = (
					"$(inherited)",
					"@executable_path/Frameworks",
				);
				MARKETING_VERSION = 1.0;
				PRODUCT_BUNDLE_IDENTIFIER = net.naolin.MeToDo;
				PRODUCT_NAME = "$(TARGET_NAME)";
				SWIFT_EMIT_LOC_STRINGS = YES;
				SWIFT_VERSION = 5.0;
				TARGETED_DEVICE_FAMILY = "1,2";
			};
			name = Debug;
		};
		71A63E0E276766EF00EAB2EC /* Release */ = {
			isa = XCBuildConfiguration;
			buildSettings = {
				ALWAYS_EMBED_SWIFT_STANDARD_LIBRARIES = YES;
				ASSETCATALOG_COMPILER_APPICON_NAME = AppIcon;
				ASSETCATALOG_COMPILER_GLOBAL_ACCENT_COLOR_NAME = AccentColor;
				CODE_SIGN_ENTITLEMENTS = MeToDo/MeToDo.entitlements;
				CODE_SIGN_STYLE = Automatic;
				CURRENT_PROJECT_VERSION = 1;
				DEVELOPMENT_ASSET_PATHS = "\"MeToDo/Preview Content\"";
				DEVELOPMENT_TEAM = G6V85GALCN;
				ENABLE_PREVIEWS = YES;
				GENERATE_INFOPLIST_FILE = YES;
				INFOPLIST_FILE = MeToDo/Configuration/Info.plist;
				INFOPLIST_KEY_UIApplicationSceneManifest_Generation = YES;
				INFOPLIST_KEY_UIApplicationSupportsIndirectInputEvents = YES;
				INFOPLIST_KEY_UILaunchScreen_Generation = YES;
				INFOPLIST_KEY_UISupportedInterfaceOrientations = UIInterfaceOrientationPortrait;
				INFOPLIST_KEY_UISupportedInterfaceOrientations_iPad = "UIInterfaceOrientationPortrait UIInterfaceOrientationPortraitUpsideDown UIInterfaceOrientationLandscapeLeft UIInterfaceOrientationLandscapeRight";
				INFOPLIST_KEY_UISupportedInterfaceOrientations_iPhone = "UIInterfaceOrientationPortrait UIInterfaceOrientationLandscapeLeft UIInterfaceOrientationLandscapeRight";
				LD_RUNPATH_SEARCH_PATHS = (
					"$(inherited)",
					"@executable_path/Frameworks",
				);
				MARKETING_VERSION = 1.0;
				PRODUCT_BUNDLE_IDENTIFIER = net.naolin.MeToDo;
				PRODUCT_NAME = "$(TARGET_NAME)";
				SWIFT_EMIT_LOC_STRINGS = YES;
				SWIFT_VERSION = 5.0;
				TARGETED_DEVICE_FAMILY = "1,2";
			};
			name = Release;
		};
		71B31BA62775B9A900DD04DB /* Debug */ = {
			isa = XCBuildConfiguration;
			buildSettings = {
				BUNDLE_LOADER = "$(TEST_HOST)";
				CODE_SIGN_STYLE = Automatic;
				CURRENT_PROJECT_VERSION = 1;
				DEVELOPMENT_TEAM = G6V85GALCN;
				GENERATE_INFOPLIST_FILE = YES;
				IPHONEOS_DEPLOYMENT_TARGET = 15.2;
				MARKETING_VERSION = 1.0;
				PRODUCT_BUNDLE_IDENTIFIER = net.naolin.MeToDoTests;
				PRODUCT_NAME = "$(TARGET_NAME)";
				SWIFT_EMIT_LOC_STRINGS = NO;
				SWIFT_VERSION = 5.0;
				TARGETED_DEVICE_FAMILY = "1,2";
				TEST_HOST = "$(BUILT_PRODUCTS_DIR)/MeToDo.app/MeToDo";
			};
			name = Debug;
		};
		71B31BA72775B9A900DD04DB /* Release */ = {
			isa = XCBuildConfiguration;
			buildSettings = {
				BUNDLE_LOADER = "$(TEST_HOST)";
				CODE_SIGN_STYLE = Automatic;
				CURRENT_PROJECT_VERSION = 1;
				DEVELOPMENT_TEAM = G6V85GALCN;
				GENERATE_INFOPLIST_FILE = YES;
				IPHONEOS_DEPLOYMENT_TARGET = 15.2;
				MARKETING_VERSION = 1.0;
				PRODUCT_BUNDLE_IDENTIFIER = net.naolin.MeToDoTests;
				PRODUCT_NAME = "$(TARGET_NAME)";
				SWIFT_EMIT_LOC_STRINGS = NO;
				SWIFT_VERSION = 5.0;
				TARGETED_DEVICE_FAMILY = "1,2";
				TEST_HOST = "$(BUILT_PRODUCTS_DIR)/MeToDo.app/MeToDo";
			};
			name = Release;
		};
/* End XCBuildConfiguration section */

/* Begin XCConfigurationList section */
		719EA660277B6F4300F17102 /* Build configuration list for PBXNativeTarget "TodoWidgetExtension" */ = {
			isa = XCConfigurationList;
			buildConfigurations = (
				719EA65E277B6F4300F17102 /* Debug */,
				719EA65F277B6F4300F17102 /* Release */,
			);
			defaultConfigurationIsVisible = 0;
			defaultConfigurationName = Release;
		};
		71A63DF9276766EE00EAB2EC /* Build configuration list for PBXProject "MeToDo" */ = {
			isa = XCConfigurationList;
			buildConfigurations = (
				71A63E0A276766EF00EAB2EC /* Debug */,
				71A63E0B276766EF00EAB2EC /* Release */,
			);
			defaultConfigurationIsVisible = 0;
			defaultConfigurationName = Release;
		};
		71A63E0C276766EF00EAB2EC /* Build configuration list for PBXNativeTarget "MeToDo" */ = {
			isa = XCConfigurationList;
			buildConfigurations = (
				71A63E0D276766EF00EAB2EC /* Debug */,
				71A63E0E276766EF00EAB2EC /* Release */,
			);
			defaultConfigurationIsVisible = 0;
			defaultConfigurationName = Release;
		};
		71B31BA82775B9A900DD04DB /* Build configuration list for PBXNativeTarget "MeToDoTests" */ = {
			isa = XCConfigurationList;
			buildConfigurations = (
				71B31BA62775B9A900DD04DB /* Debug */,
				71B31BA72775B9A900DD04DB /* Release */,
			);
			defaultConfigurationIsVisible = 0;
			defaultConfigurationName = Release;
		};
/* End XCConfigurationList section */

/* Begin XCVersionGroup section */
		710C89842768784D004FADCD /* Main.xcdatamodeld */ = {
			isa = XCVersionGroup;
			children = (
				710C89852768784D004FADCD /* Main.xcdatamodel */,
			);
			currentVersion = 710C89852768784D004FADCD /* Main.xcdatamodel */;
			path = Main.xcdatamodeld;
			sourceTree = "<group>";
			versionGroupType = wrapper.xcdatamodel;
		};
/* End XCVersionGroup section */
	};
	rootObject = 71A63DF6276766EE00EAB2EC /* Project object */;
}
